# This file is automatically @generated by Cargo.
# It is not intended for manual editing.
version = 4

[[package]]
name = "rustng-admin"
version = "0.1.0"
dependencies = [
 "rustng-config",
 "rustng-core",
]

[[package]]
name = "rustng-cli"
version = "0.1.0"
dependencies = [
 "rustng-core",
]

[[package]]
name = "rustng-config"
version = "0.1.0"
dependencies = [
 "rustng-core",
]

[[package]]
name = "rustng-control"
version = "0.1.0"
dependencies = [
 "rustng-core",
]

[[package]]
name = "rustng-core"
version = "0.1.0"

[[package]]
name = "rustng-e2e-tests"
version = "0.1.0"
dependencies = [
 "rustng-core",
]

[[package]]
name = "rustng-examples"
version = "0.1.0"
dependencies = [
 "rustng-core",
 "rustng-http",
]

[[package]]
name = "rustng-http"
version = "0.1.0"
dependencies = [
 "rustng-core",
 "rustng-transport",
]

[[package]]
name = "rustng-operator"
version = "0.1.0"

[[package]]
name = "rustng-plugins"
version = "0.1.0"
dependencies = [
 "rustng-core",
]

[[package]]
name = "rustng-sd"
version = "0.1.0"
dependencies = [
 "rustng-config",
 "rustng-core",
]

[[package]]
name = "rustng-transport"
version = "0.1.0"
